// !$*UTF8*$!
{
	archiveVersion = 1;
	classes = {
	};
	objectVersion = 50;
	objects = {

/* Begin PBXBuildFile section */
		2706CEAA7B0AC612EDC0ABD4 /* Pods_Facts.framework in Frameworks */ = {isa = PBXBuildFile; fileRef = 628E8A60D0883255DA712CE6 /* Pods_Facts.framework */; };
		BA4A4F6820D9B15D002AEE57 /* AppDelegate.swift in Sources */ = {isa = PBXBuildFile; fileRef = BA4A4F6720D9B15D002AEE57 /* AppDelegate.swift */; };
		BA4A4F6A20D9B15D002AEE57 /* ViewController.swift in Sources */ = {isa = PBXBuildFile; fileRef = BA4A4F6920D9B15D002AEE57 /* ViewController.swift */; };
		BA4A4F6D20D9B15D002AEE57 /* Main.storyboard in Resources */ = {isa = PBXBuildFile; fileRef = BA4A4F6B20D9B15D002AEE57 /* Main.storyboard */; };
		BA4A4F6F20D9B160002AEE57 /* Assets.xcassets in Resources */ = {isa = PBXBuildFile; fileRef = BA4A4F6E20D9B160002AEE57 /* Assets.xcassets */; };
		BA4A4F7220D9B160002AEE57 /* LaunchScreen.storyboard in Resources */ = {isa = PBXBuildFile; fileRef = BA4A4F7020D9B160002AEE57 /* LaunchScreen.storyboard */; };
		BA4A4F7D20D9B160002AEE57 /* FactsTests.swift in Sources */ = {isa = PBXBuildFile; fileRef = BA4A4F7C20D9B160002AEE57 /* FactsTests.swift */; };
		BA4A4F8820D9B160002AEE57 /* FactsUITests.swift in Sources */ = {isa = PBXBuildFile; fileRef = BA4A4F8720D9B160002AEE57 /* FactsUITests.swift */; };
		BAC9C7B020DA974500596846 /* Fact.swift in Sources */ = {isa = PBXBuildFile; fileRef = BAC9C7AE20DA974500596846 /* Fact.swift */; };
		BAC9C7B120DA974500596846 /* CountryFacts.swift in Sources */ = {isa = PBXBuildFile; fileRef = BAC9C7AF20DA974500596846 /* CountryFacts.swift */; };
		BAC9C7B420DA980B00596846 /* CountryFactsAPI.swift in Sources */ = {isa = PBXBuildFile; fileRef = BAC9C7B320DA980B00596846 /* CountryFactsAPI.swift */; };
		BAC9C7B620DA9A7F00596846 /* ErrorHandler.swift in Sources */ = {isa = PBXBuildFile; fileRef = BAC9C7B520DA9A7F00596846 /* ErrorHandler.swift */; };
/* End PBXBuildFile section */

/* Begin PBXContainerItemProxy section */
		BA4A4F7920D9B160002AEE57 /* PBXContainerItemProxy */ = {
			isa = PBXContainerItemProxy;
			containerPortal = BA4A4F5C20D9B15C002AEE57 /* Project object */;
			proxyType = 1;
			remoteGlobalIDString = BA4A4F6320D9B15D002AEE57;
			remoteInfo = Facts;
		};
		BA4A4F8420D9B160002AEE57 /* PBXContainerItemProxy */ = {
			isa = PBXContainerItemProxy;
			containerPortal = BA4A4F5C20D9B15C002AEE57 /* Project object */;
			proxyType = 1;
			remoteGlobalIDString = BA4A4F6320D9B15D002AEE57;
			remoteInfo = Facts;
		};
/* End PBXContainerItemProxy section */

/* Begin PBXFileReference section */
		45F5856FF54C79BE06B5978C /* Pods-Facts.release.xcconfig */ = {isa = PBXFileReference; includeInIndex = 1; lastKnownFileType = text.xcconfig; name = "Pods-Facts.release.xcconfig"; path = "Pods/Target Support Files/Pods-Facts/Pods-Facts.release.xcconfig"; sourceTree = "<group>"; };
		486AC1D8497A286E45A53025 /* Pods-Facts.debug.xcconfig */ = {isa = PBXFileReference; includeInIndex = 1; lastKnownFileType = text.xcconfig; name = "Pods-Facts.debug.xcconfig"; path = "Pods/Target Support Files/Pods-Facts/Pods-Facts.debug.xcconfig"; sourceTree = "<group>"; };
		628E8A60D0883255DA712CE6 /* Pods_Facts.framework */ = {isa = PBXFileReference; explicitFileType = wrapper.framework; includeInIndex = 0; path = Pods_Facts.framework; sourceTree = BUILT_PRODUCTS_DIR; };
		BA4A4F6420D9B15D002AEE57 /* Facts.app */ = {isa = PBXFileReference; explicitFileType = wrapper.application; includeInIndex = 0; path = Facts.app; sourceTree = BUILT_PRODUCTS_DIR; };
		BA4A4F6720D9B15D002AEE57 /* AppDelegate.swift */ = {isa = PBXFileReference; lastKnownFileType = sourcecode.swift; path = AppDelegate.swift; sourceTree = "<group>"; };
		BA4A4F6920D9B15D002AEE57 /* ViewController.swift */ = {isa = PBXFileReference; lastKnownFileType = sourcecode.swift; path = ViewController.swift; sourceTree = "<group>"; };
		BA4A4F6C20D9B15D002AEE57 /* Base */ = {isa = PBXFileReference; lastKnownFileType = file.storyboard; name = Base; path = Base.lproj/Main.storyboard; sourceTree = "<group>"; };
		BA4A4F6E20D9B160002AEE57 /* Assets.xcassets */ = {isa = PBXFileReference; lastKnownFileType = folder.assetcatalog; path = Assets.xcassets; sourceTree = "<group>"; };
		BA4A4F7120D9B160002AEE57 /* Base */ = {isa = PBXFileReference; lastKnownFileType = file.storyboard; name = Base; path = Base.lproj/LaunchScreen.storyboard; sourceTree = "<group>"; };
		BA4A4F7320D9B160002AEE57 /* Info.plist */ = {isa = PBXFileReference; lastKnownFileType = text.plist.xml; path = Info.plist; sourceTree = "<group>"; };
		BA4A4F7820D9B160002AEE57 /* FactsTests.xctest */ = {isa = PBXFileReference; explicitFileType = wrapper.cfbundle; includeInIndex = 0; path = FactsTests.xctest; sourceTree = BUILT_PRODUCTS_DIR; };
		BA4A4F7C20D9B160002AEE57 /* FactsTests.swift */ = {isa = PBXFileReference; lastKnownFileType = sourcecode.swift; path = FactsTests.swift; sourceTree = "<group>"; };
		BA4A4F7E20D9B160002AEE57 /* Info.plist */ = {isa = PBXFileReference; lastKnownFileType = text.plist.xml; path = Info.plist; sourceTree = "<group>"; };
		BA4A4F8320D9B160002AEE57 /* FactsUITests.xctest */ = {isa = PBXFileReference; explicitFileType = wrapper.cfbundle; includeInIndex = 0; path = FactsUITests.xctest; sourceTree = BUILT_PRODUCTS_DIR; };
		BA4A4F8720D9B160002AEE57 /* FactsUITests.swift */ = {isa = PBXFileReference; lastKnownFileType = sourcecode.swift; path = FactsUITests.swift; sourceTree = "<group>"; };
		BA4A4F8920D9B160002AEE57 /* Info.plist */ = {isa = PBXFileReference; lastKnownFileType = text.plist.xml; path = Info.plist; sourceTree = "<group>"; };
		BAC9C7AE20DA974500596846 /* Fact.swift */ = {isa = PBXFileReference; fileEncoding = 4; lastKnownFileType = sourcecode.swift; path = Fact.swift; sourceTree = "<group>"; };
		BAC9C7AF20DA974500596846 /* CountryFacts.swift */ = {isa = PBXFileReference; fileEncoding = 4; lastKnownFileType = sourcecode.swift; path = CountryFacts.swift; sourceTree = "<group>"; };
		BAC9C7B320DA980B00596846 /* CountryFactsAPI.swift */ = {isa = PBXFileReference; lastKnownFileType = sourcecode.swift; path = CountryFactsAPI.swift; sourceTree = "<group>"; };
		BAC9C7B520DA9A7F00596846 /* ErrorHandler.swift */ = {isa = PBXFileReference; lastKnownFileType = sourcecode.swift; path = ErrorHandler.swift; sourceTree = "<group>"; };
/* End PBXFileReference section */

/* Begin PBXFrameworksBuildPhase section */
		BA4A4F6120D9B15D002AEE57 /* Frameworks */ = {
			isa = PBXFrameworksBuildPhase;
			buildActionMask = 2147483647;
			files = (
				2706CEAA7B0AC612EDC0ABD4 /* Pods_Facts.framework in Frameworks */,
			);
			runOnlyForDeploymentPostprocessing = 0;
		};
		BA4A4F7520D9B160002AEE57 /* Frameworks */ = {
			isa = PBXFrameworksBuildPhase;
			buildActionMask = 2147483647;
			files = (
			);
			runOnlyForDeploymentPostprocessing = 0;
		};
		BA4A4F8020D9B160002AEE57 /* Frameworks */ = {
			isa = PBXFrameworksBuildPhase;
			buildActionMask = 2147483647;
			files = (
			);
			runOnlyForDeploymentPostprocessing = 0;
		};
/* End PBXFrameworksBuildPhase section */

/* Begin PBXGroup section */
		2B5BB0AAADE5BDCA1B65FC83 /* Pods */ = {
			isa = PBXGroup;
			children = (
				486AC1D8497A286E45A53025 /* Pods-Facts.debug.xcconfig */,
				45F5856FF54C79BE06B5978C /* Pods-Facts.release.xcconfig */,
			);
			name = Pods;
			sourceTree = "<group>";
		};
		BA4A4F5B20D9B15C002AEE57 = {
			isa = PBXGroup;
			children = (
				BA4A4F6620D9B15D002AEE57 /* Facts */,
				BA4A4F7B20D9B160002AEE57 /* FactsTests */,
				BA4A4F8620D9B160002AEE57 /* FactsUITests */,
				BA4A4F6520D9B15D002AEE57 /* Products */,
				2B5BB0AAADE5BDCA1B65FC83 /* Pods */,
				BD3FE31C23C52936A9C30F75 /* Frameworks */,
			);
			sourceTree = "<group>";
		};
		BA4A4F6520D9B15D002AEE57 /* Products */ = {
			isa = PBXGroup;
			children = (
				BA4A4F6420D9B15D002AEE57 /* Facts.app */,
				BA4A4F7820D9B160002AEE57 /* FactsTests.xctest */,
				BA4A4F8320D9B160002AEE57 /* FactsUITests.xctest */,
			);
			name = Products;
			sourceTree = "<group>";
		};
		BA4A4F6620D9B15D002AEE57 /* Facts */ = {
			isa = PBXGroup;
			children = (
				BA4A4F6720D9B15D002AEE57 /* AppDelegate.swift */,
				BA4A4F6920D9B15D002AEE57 /* ViewController.swift */,
				BAC9C7B520DA9A7F00596846 /* ErrorHandler.swift */,
				BAC9C7AD20DA974500596846 /* Modal */,
				BAC9C7B220DA97F900596846 /* Services */,
				BA4A4F6B20D9B15D002AEE57 /* Main.storyboard */,
				BA4A4F6E20D9B160002AEE57 /* Assets.xcassets */,
				BA4A4F7020D9B160002AEE57 /* LaunchScreen.storyboard */,
				BA4A4F7320D9B160002AEE57 /* Info.plist */,
			);
			path = Facts;
			sourceTree = "<group>";
		};
		BA4A4F7B20D9B160002AEE57 /* FactsTests */ = {
			isa = PBXGroup;
			children = (
				BA4A4F7C20D9B160002AEE57 /* FactsTests.swift */,
				BA4A4F7E20D9B160002AEE57 /* Info.plist */,
			);
			path = FactsTests;
			sourceTree = "<group>";
		};
		BA4A4F8620D9B160002AEE57 /* FactsUITests */ = {
			isa = PBXGroup;
			children = (
				BA4A4F8720D9B160002AEE57 /* FactsUITests.swift */,
				BA4A4F8920D9B160002AEE57 /* Info.plist */,
			);
			path = FactsUITests;
			sourceTree = "<group>";
		};
		BAC9C7AD20DA974500596846 /* Modal */ = {
			isa = PBXGroup;
			children = (
				BAC9C7AE20DA974500596846 /* Fact.swift */,
				BAC9C7AF20DA974500596846 /* CountryFacts.swift */,
			);
			path = Modal;
			sourceTree = "<group>";
		};
		BAC9C7B220DA97F900596846 /* Services */ = {
			isa = PBXGroup;
			children = (
				BAC9C7B320DA980B00596846 /* CountryFactsAPI.swift */,
			);
			path = Services;
			sourceTree = "<group>";
		};
		BD3FE31C23C52936A9C30F75 /* Frameworks */ = {
			isa = PBXGroup;
			children = (
				628E8A60D0883255DA712CE6 /* Pods_Facts.framework */,
			);
			name = Frameworks;
			sourceTree = "<group>";
		};
/* End PBXGroup section */

/* Begin PBXNativeTarget section */
		BA4A4F6320D9B15D002AEE57 /* Facts */ = {
			isa = PBXNativeTarget;
			buildConfigurationList = BA4A4F8C20D9B160002AEE57 /* Build configuration list for PBXNativeTarget "Facts" */;
			buildPhases = (
				63457941A174B06A962B4774 /* [CP] Check Pods Manifest.lock */,
				BA4A4F6020D9B15D002AEE57 /* Sources */,
				BA4A4F6120D9B15D002AEE57 /* Frameworks */,
				BA4A4F6220D9B15D002AEE57 /* Resources */,
				402243E13401F8AF5C75AC5C /* [CP] Embed Pods Frameworks */,
			);
			buildRules = (
			);
			dependencies = (
			);
			name = Facts;
			productName = Facts;
			productReference = BA4A4F6420D9B15D002AEE57 /* Facts.app */;
			productType = "com.apple.product-type.application";
		};
		BA4A4F7720D9B160002AEE57 /* FactsTests */ = {
			isa = PBXNativeTarget;
			buildConfigurationList = BA4A4F8F20D9B160002AEE57 /* Build configuration list for PBXNativeTarget "FactsTests" */;
			buildPhases = (
				BA4A4F7420D9B160002AEE57 /* Sources */,
				BA4A4F7520D9B160002AEE57 /* Frameworks */,
				BA4A4F7620D9B160002AEE57 /* Resources */,
			);
			buildRules = (
			);
			dependencies = (
				BA4A4F7A20D9B160002AEE57 /* PBXTargetDependency */,
			);
			name = FactsTests;
			productName = FactsTests;
			productReference = BA4A4F7820D9B160002AEE57 /* FactsTests.xctest */;
			productType = "com.apple.product-type.bundle.unit-test";
		};
		BA4A4F8220D9B160002AEE57 /* FactsUITests */ = {
			isa = PBXNativeTarget;
			buildConfigurationList = BA4A4F9220D9B160002AEE57 /* Build configuration list for PBXNativeTarget "FactsUITests" */;
			buildPhases = (
				BA4A4F7F20D9B160002AEE57 /* Sources */,
				BA4A4F8020D9B160002AEE57 /* Frameworks */,
				BA4A4F8120D9B160002AEE57 /* Resources */,
			);
			buildRules = (
			);
			dependencies = (
				BA4A4F8520D9B160002AEE57 /* PBXTargetDependency */,
			);
			name = FactsUITests;
			productName = FactsUITests;
			productReference = BA4A4F8320D9B160002AEE57 /* FactsUITests.xctest */;
			productType = "com.apple.product-type.bundle.ui-testing";
		};
/* End PBXNativeTarget section */

/* Begin PBXProject section */
		BA4A4F5C20D9B15C002AEE57 /* Project object */ = {
			isa = PBXProject;
			attributes = {
				LastSwiftUpdateCheck = 0930;
				LastUpgradeCheck = 0930;
				ORGANIZATIONNAME = Hanuman;
				TargetAttributes = {
					BA4A4F6320D9B15D002AEE57 = {
						CreatedOnToolsVersion = 9.3.1;
					};
					BA4A4F7720D9B160002AEE57 = {
						CreatedOnToolsVersion = 9.3.1;
						TestTargetID = BA4A4F6320D9B15D002AEE57;
					};
					BA4A4F8220D9B160002AEE57 = {
						CreatedOnToolsVersion = 9.3.1;
						TestTargetID = BA4A4F6320D9B15D002AEE57;
					};
				};
			};
			buildConfigurationList = BA4A4F5F20D9B15C002AEE57 /* Build configuration list for PBXProject "Facts" */;
			compatibilityVersion = "Xcode 9.3";
			developmentRegion = en;
			hasScannedForEncodings = 0;
			knownRegions = (
				en,
				Base,
			);
			mainGroup = BA4A4F5B20D9B15C002AEE57;
			productRefGroup = BA4A4F6520D9B15D002AEE57 /* Products */;
			projectDirPath = "";
			projectRoot = "";
			targets = (
				BA4A4F6320D9B15D002AEE57 /* Facts */,
				BA4A4F7720D9B160002AEE57 /* FactsTests */,
				BA4A4F8220D9B160002AEE57 /* FactsUITests */,
			);
		};
/* End PBXProject section */

/* Begin PBXResourcesBuildPhase section */
		BA4A4F6220D9B15D002AEE57 /* Resources */ = {
			isa = PBXResourcesBuildPhase;
			buildActionMask = 2147483647;
			files = (
				BA4A4F7220D9B160002AEE57 /* LaunchScreen.storyboard in Resources */,
				BA4A4F6F20D9B160002AEE57 /* Assets.xcassets in Resources */,
				BA4A4F6D20D9B15D002AEE57 /* Main.storyboard in Resources */,
			);
			runOnlyForDeploymentPostprocessing = 0;
		};
		BA4A4F7620D9B160002AEE57 /* Resources */ = {
			isa = PBXResourcesBuildPhase;
			buildActionMask = 2147483647;
			files = (
			);
			runOnlyForDeploymentPostprocessing = 0;
		};
		BA4A4F8120D9B160002AEE57 /* Resources */ = {
			isa = PBXResourcesBuildPhase;
			buildActionMask = 2147483647;
			files = (
			);
			runOnlyForDeploymentPostprocessing = 0;
		};
/* End PBXResourcesBuildPhase section */

/* Begin PBXShellScriptBuildPhase section */
		402243E13401F8AF5C75AC5C /* [CP] Embed Pods Frameworks */ = {
			isa = PBXShellScriptBuildPhase;
			buildActionMask = 2147483647;
			files = (
			);
			inputPaths = (
				"${SRCROOT}/Pods/Target Support Files/Pods-Facts/Pods-Facts-frameworks.sh",
				"${BUILT_PRODUCTS_DIR}/MBProgressHUD/MBProgressHUD.framework",
				"${BUILT_PRODUCTS_DIR}/ReachabilitySwift/Reachability.framework",
				"${BUILT_PRODUCTS_DIR}/TPKeyboardAvoiding/TPKeyboardAvoiding.framework",
			);
			name = "[CP] Embed Pods Frameworks";
			outputPaths = (
				"${TARGET_BUILD_DIR}/${FRAMEWORKS_FOLDER_PATH}/MBProgressHUD.framework",
				"${TARGET_BUILD_DIR}/${FRAMEWORKS_FOLDER_PATH}/Reachability.framework",
				"${TARGET_BUILD_DIR}/${FRAMEWORKS_FOLDER_PATH}/TPKeyboardAvoiding.framework",
			);
			runOnlyForDeploymentPostprocessing = 0;
			shellPath = /bin/sh;
			shellScript = "\"${SRCROOT}/Pods/Target Support Files/Pods-Facts/Pods-Facts-frameworks.sh\"\n";
			showEnvVarsInLog = 0;
		};
		63457941A174B06A962B4774 /* [CP] Check Pods Manifest.lock */ = {
			isa = PBXShellScriptBuildPhase;
			buildActionMask = 2147483647;
			files = (
			);
			inputPaths = (
				"${PODS_PODFILE_DIR_PATH}/Podfile.lock",
				"${PODS_ROOT}/Manifest.lock",
			);
			name = "[CP] Check Pods Manifest.lock";
			outputPaths = (
				"$(DERIVED_FILE_DIR)/Pods-Facts-checkManifestLockResult.txt",
			);
			runOnlyForDeploymentPostprocessing = 0;
			shellPath = /bin/sh;
			shellScript = "diff \"${PODS_PODFILE_DIR_PATH}/Podfile.lock\" \"${PODS_ROOT}/Manifest.lock\" > /dev/null\nif [ $? != 0 ] ; then\n    # print error to STDERR\n    echo \"error: The sandbox is not in sync with the Podfile.lock. Run 'pod install' or update your CocoaPods installation.\" >&2\n    exit 1\nfi\n# This output is used by Xcode 'outputs' to avoid re-running this script phase.\necho \"SUCCESS\" > \"${SCRIPT_OUTPUT_FILE_0}\"\n";
			showEnvVarsInLog = 0;
		};
/* End PBXShellScriptBuildPhase section */

/* Begin PBXSourcesBuildPhase section */
		BA4A4F6020D9B15D002AEE57 /* Sources */ = {
			isa = PBXSourcesBuildPhase;
			buildActionMask = 2147483647;
			files = (
				BA4A4F6A20D9B15D002AEE57 /* ViewController.swift in Sources */,
				BAC9C7B120DA974500596846 /* CountryFacts.swift in Sources */,
				BAC9C7B020DA974500596846 /* Fact.swift in Sources */,
				BAC9C7B620DA9A7F00596846 /* ErrorHandler.swift in Sources */,
				BAC9C7B420DA980B00596846 /* CountryFactsAPI.swift in Sources */,
				BA4A4F6820D9B15D002AEE57 /* AppDelegate.swift in Sources */,
			);
			runOnlyForDeploymentPostprocessing = 0;
		};
		BA4A4F7420D9B160002AEE57 /* Sources */ = {
			isa = PBXSourcesBuildPhase;
			buildActionMask = 2147483647;
			files = (
				BA4A4F7D20D9B160002AEE57 /* FactsTests.swift in Sources */,
			);
			runOnlyForDeploymentPostprocessing = 0;
		};
		BA4A4F7F20D9B160002AEE57 /* Sources */ = {
			isa = PBXSourcesBuildPhase;
			buildActionMask = 2147483647;
			files = (
				BA4A4F8820D9B160002AEE57 /* FactsUITests.swift in Sources */,
			);
			runOnlyForDeploymentPostprocessing = 0;
		};
/* End PBXSourcesBuildPhase section */

/* Begin PBXTargetDependency section */
		BA4A4F7A20D9B160002AEE57 /* PBXTargetDependency */ = {
			isa = PBXTargetDependency;
			target = BA4A4F6320D9B15D002AEE57 /* Facts */;
			targetProxy = BA4A4F7920D9B160002AEE57 /* PBXContainerItemProxy */;
		};
		BA4A4F8520D9B160002AEE57 /* PBXTargetDependency */ = {
			isa = PBXTargetDependency;
			target = BA4A4F6320D9B15D002AEE57 /* Facts */;
			targetProxy = BA4A4F8420D9B160002AEE57 /* PBXContainerItemProxy */;
		};
/* End PBXTargetDependency section */

/* Begin PBXVariantGroup section */
		BA4A4F6B20D9B15D002AEE57 /* Main.storyboard */ = {
			isa = PBXVariantGroup;
			children = (
				BA4A4F6C20D9B15D002AEE57 /* Base */,
			);
			name = Main.storyboard;
			sourceTree = "<group>";
		};
		BA4A4F7020D9B160002AEE57 /* LaunchScreen.storyboard */ = {
			isa = PBXVariantGroup;
			children = (
				BA4A4F7120D9B160002AEE57 /* Base */,
			);
			name = LaunchScreen.storyboard;
			sourceTree = "<group>";
		};
/* End PBXVariantGroup section */

/* Begin XCBuildConfiguration section */
		BA4A4F8A20D9B160002AEE57 /* Debug */ = {
			isa = XCBuildConfiguration;
			buildSettings = {
				ALWAYS_SEARCH_USER_PATHS = NO;
				CLANG_ANALYZER_NONNULL = YES;
				CLANG_ANALYZER_NUMBER_OBJECT_CONVERSION = YES_AGGRESSIVE;
				CLANG_CXX_LANGUAGE_STANDARD = "gnu++14";
				CLANG_CXX_LIBRARY = "libc++";
				CLANG_ENABLE_MODULES = YES;
				CLANG_ENABLE_OBJC_ARC = YES;
				CLANG_ENABLE_OBJC_WEAK = YES;
				CLANG_WARN_BLOCK_CAPTURE_AUTORELEASING = YES;
				CLANG_WARN_BOOL_CONVERSION = YES;
				CLANG_WARN_COMMA = YES;
				CLANG_WARN_CONSTANT_CONVERSION = YES;
				CLANG_WARN_DEPRECATED_OBJC_IMPLEMENTATIONS = YES;
				CLANG_WARN_DIRECT_OBJC_ISA_USAGE = YES_ERROR;
				CLANG_WARN_DOCUMENTATION_COMMENTS = YES;
				CLANG_WARN_EMPTY_BODY = YES;
				CLANG_WARN_ENUM_CONVERSION = YES;
				CLANG_WARN_INFINITE_RECURSION = YES;
				CLANG_WARN_INT_CONVERSION = YES;
				CLANG_WARN_NON_LITERAL_NULL_CONVERSION = YES;
				CLANG_WARN_OBJC_IMPLICIT_RETAIN_SELF = YES;
				CLANG_WARN_OBJC_LITERAL_CONVERSION = YES;
				CLANG_WARN_OBJC_ROOT_CLASS = YES_ERROR;
				CLANG_WARN_RANGE_LOOP_ANALYSIS = YES;
				CLANG_WARN_STRICT_PROTOTYPES = YES;
				CLANG_WARN_SUSPICIOUS_MOVE = YES;
				CLANG_WARN_UNGUARDED_AVAILABILITY = YES_AGGRESSIVE;
				CLANG_WARN_UNREACHABLE_CODE = YES;
				CLANG_WARN__DUPLICATE_METHOD_MATCH = YES;
				CODE_SIGN_IDENTITY = "iPhone Developer";
				COPY_PHASE_STRIP = NO;
				DEBUG_INFORMATION_FORMAT = dwarf;
				ENABLE_STRICT_OBJC_MSGSEND = YES;
				ENABLE_TESTABILITY = YES;
				GCC_C_LANGUAGE_STANDARD = gnu11;
				GCC_DYNAMIC_NO_PIC = NO;
				GCC_NO_COMMON_BLOCKS = YES;
				GCC_OPTIMIZATION_LEVEL = 0;
				GCC_PREPROCESSOR_DEFINITIONS = (
					"DEBUG=1",
					"$(inherited)",
				);
				GCC_WARN_64_TO_32_BIT_CONVERSION = YES;
				GCC_WARN_ABOUT_RETURN_TYPE = YES_ERROR;
				GCC_WARN_UNDECLARED_SELECTOR = YES;
				GCC_WARN_UNINITIALIZED_AUTOS = YES_AGGRESSIVE;
				GCC_WARN_UNUSED_FUNCTION = YES;
				GCC_WARN_UNUSED_VARIABLE = YES;
				IPHONEOS_DEPLOYMENT_TARGET = 11.3;
				MTL_ENABLE_DEBUG_INFO = YES;
				ONLY_ACTIVE_ARCH = YES;
				SDKROOT = iphoneos;
				SWIFT_ACTIVE_COMPILATION_CONDITIONS = DEBUG;
				SWIFT_OPTIMIZATION_LEVEL = "-Onone";
			};
			name = Debug;
		};
		BA4A4F8B20D9B160002AEE57 /* Release */ = {
			isa = XCBuildConfiguration;
			buildSettings = {
				ALWAYS_SEARCH_USER_PATHS = NO;
				CLANG_ANALYZER_NONNULL = YES;
				CLANG_ANALYZER_NUMBER_OBJECT_CONVERSION = YES_AGGRESSIVE;
				CLANG_CXX_LANGUAGE_STANDARD = "gnu++14";
				CLANG_CXX_LIBRARY = "libc++";
				CLANG_ENABLE_MODULES = YES;
				CLANG_ENABLE_OBJC_ARC = YES;
				CLANG_ENABLE_OBJC_WEAK = YES;
				CLANG_WARN_BLOCK_CAPTURE_AUTORELEASING = YES;
				CLANG_WARN_BOOL_CONVERSION = YES;
				CLANG_WARN_COMMA = YES;
				CLANG_WARN_CONSTANT_CONVERSION = YES;
				CLANG_WARN_DEPRECATED_OBJC_IMPLEMENTATIONS = YES;
				CLANG_WARN_DIRECT_OBJC_ISA_USAGE = YES_ERROR;
				CLANG_WARN_DOCUMENTATION_COMMENTS = YES;
				CLANG_WARN_EMPTY_BODY = YES;
				CLANG_WARN_ENUM_CONVERSION = YES;
				CLANG_WARN_INFINITE_RECURSION = YES;
				CLANG_WARN_INT_CONVERSION = YES;
				CLANG_WARN_NON_LITERAL_NULL_CONVERSION = YES;
				CLANG_WARN_OBJC_IMPLICIT_RETAIN_SELF = YES;
				CLANG_WARN_OBJC_LITERAL_CONVERSION = YES;
				CLANG_WARN_OBJC_ROOT_CLASS = YES_ERROR;
				CLANG_WARN_RANGE_LOOP_ANALYSIS = YES;
				CLANG_WARN_STRICT_PROTOTYPES = YES;
				CLANG_WARN_SUSPICIOUS_MOVE = YES;
				CLANG_WARN_UNGUARDED_AVAILABILITY = YES_AGGRESSIVE;
				CLANG_WARN_UNREACHABLE_CODE = YES;
				CLANG_WARN__DUPLICATE_METHOD_MATCH = YES;
				CODE_SIGN_IDENTITY = "iPhone Developer";
				COPY_PHASE_STRIP = NO;
				DEBUG_INFORMATION_FORMAT = "dwarf-with-dsym";
				ENABLE_NS_ASSERTIONS = NO;
				ENABLE_STRICT_OBJC_MSGSEND = YES;
				GCC_C_LANGUAGE_STANDARD = gnu11;
				GCC_NO_COMMON_BLOCKS = YES;
				GCC_WARN_64_TO_32_BIT_CONVERSION = YES;
				GCC_WARN_ABOUT_RETURN_TYPE = YES_ERROR;
				GCC_WARN_UNDECLARED_SELECTOR = YES;
				GCC_WARN_UNINITIALIZED_AUTOS = YES_AGGRESSIVE;
				GCC_WARN_UNUSED_FUNCTION = YES;
				GCC_WARN_UNUSED_VARIABLE = YES;
				IPHONEOS_DEPLOYMENT_TARGET = 11.3;
				MTL_ENABLE_DEBUG_INFO = NO;
				SDKROOT = iphoneos;
				SWIFT_COMPILATION_MODE = wholemodule;
				SWIFT_OPTIMIZATION_LEVEL = "-O";
				VALIDATE_PRODUCT = YES;
			};
			name = Release;
		};
		BA4A4F8D20D9B160002AEE57 /* Debug */ = {
			isa = XCBuildConfiguration;
			baseConfigurationReference = 486AC1D8497A286E45A53025 /* Pods-Facts.debug.xcconfig */;
			buildSettings = {
				ASSETCATALOG_COMPILER_APPICON_NAME = AppIcon;
				CODE_SIGN_STYLE = Automatic;
				INFOPLIST_FILE = Facts/Info.plist;
				IPHONEOS_DEPLOYMENT_TARGET = 8.0;
				LD_RUNPATH_SEARCH_PATHS = (
					"$(inherited)",
					"@executable_path/Frameworks",
				);
				PRODUCT_BUNDLE_IDENTIFIER = com.apple.Facts;
				PRODUCT_NAME = "$(TARGET_NAME)";
				SWIFT_VERSION = 4.0;
				TARGETED_DEVICE_FAMILY = "1,2";
			};
			name = Debug;
		};
		BA4A4F8E20D9B160002AEE57 /* Release */ = {
			isa = XCBuildConfiguration;
			baseConfigurationReference = 45F5856FF54C79BE06B5978C /* Pods-Facts.release.xcconfig */;
			buildSettings = {
				ASSETCATALOG_COMPILER_APPICON_NAME = AppIcon;
				CODE_SIGN_STYLE = Automatic;
				INFOPLIST_FILE = Facts/Info.plist;
				IPHONEOS_DEPLOYMENT_TARGET = 8.0;
				LD_RUNPATH_SEARCH_PATHS = (
					"$(inherited)",
					"@executable_path/Frameworks",
				);
				PRODUCT_BUNDLE_IDENTIFIER = com.apple.Facts;
				PRODUCT_NAME = "$(TARGET_NAME)";
				SWIFT_VERSION = 4.0;
				TARGETED_DEVICE_FAMILY = "1,2";
			};
			name = Release;
		};
		BA4A4F9020D9B160002AEE57 /* Debug */ = {
			isa = XCBuildConfiguration;
			buildSettings = {
				ALWAYS_EMBED_SWIFT_STANDARD_LIBRARIES = YES;
				BUNDLE_LOADER = "$(TEST_HOST)";
				CODE_SIGN_STYLE = Automatic;
				INFOPLIST_FILE = FactsTests/Info.plist;
				LD_RUNPATH_SEARCH_PATHS = (
					"$(inherited)",
					"@executable_path/Frameworks",
					"@loader_path/Frameworks",
				);
				PRODUCT_BUNDLE_IDENTIFIER = com.apple.FactsTests;
				PRODUCT_NAME = "$(TARGET_NAME)";
				SWIFT_VERSION = 4.0;
				TARGETED_DEVICE_FAMILY = "1,2";
				TEST_HOST = "$(BUILT_PRODUCTS_DIR)/Facts.app/Facts";
			};
			name = Debug;
		};
		BA4A4F9120D9B160002AEE57 /* Release */ = {
			isa = XCBuildConfiguration;
			buildSettings = {
				ALWAYS_EMBED_SWIFT_STANDARD_LIBRARIES = YES;
				BUNDLE_LOADER = "$(TEST_HOST)";
				CODE_SIGN_STYLE = Automatic;
				INFOPLIST_FILE = FactsTests/Info.plist;
				LD_RUNPATH_SEARCH_PATHS = (
					"$(inherited)",
					"@executable_path/Frameworks",
					"@loader_path/Frameworks",
				);
				PRODUCT_BUNDLE_IDENTIFIER = com.apple.FactsTests;
				PRODUCT_NAME = "$(TARGET_NAME)";
				SWIFT_VERSION = 4.0;
				TARGETED_DEVICE_FAMILY = "1,2";
				TEST_HOST = "$(BUILT_PRODUCTS_DIR)/Facts.app/Facts";
			};
			name = Release;
		};
		BA4A4F9320D9B160002AEE57 /* Debug */ = {
			isa = XCBuildConfiguration;
			buildSettings = {
				ALWAYS_EMBED_SWIFT_STANDARD_LIBRARIES = YES;
				CODE_SIGN_STYLE = Automatic;
				INFOPLIST_FILE = FactsUITests/Info.plist;
				LD_RUNPATH_SEARCH_PATHS = (
					"$(inherited)",
					"@executable_path/Frameworks",
					"@loader_path/Frameworks",
				);
				PRODUCT_BUNDLE_IDENTIFIER = com.apple.FactsUITests;
				PRODUCT_NAME = "$(TARGET_NAME)";
				SWIFT_VERSION = 4.0;
				TARGETED_DEVICE_FAMILY = "1,2";
				TEST_TARGET_NAME = Facts;
			};
			name = Debug;
		};
		BA4A4F9420D9B160002AEE57 /* Release */ = {
			isa = XCBuildConfiguration;
			buildSettings = {
				ALWAYS_EMBED_SWIFT_STANDARD_LIBRARIES = YES;
				CODE_SIGN_STYLE = Automatic;
				INFOPLIST_FILE = FactsUITests/Info.plist;
				LD_RUNPATH_SEARCH_PATHS = (
					"$(inherited)",
					"@executable_path/Frameworks",
					"@loader_path/Frameworks",
				);
				PRODUCT_BUNDLE_IDENTIFIER = com.apple.FactsUITests;
				PRODUCT_NAME = "$(TARGET_NAME)";
				SWIFT_VERSION = 4.0;
				TARGETED_DEVICE_FAMILY = "1,2";
				TEST_TARGET_NAME = Facts;
			};
			name = Release;
		};
/* End XCBuildConfiguration section */

/* Begin XCConfigurationList section */
		BA4A4F5F20D9B15C002AEE57 /* Build configuration list for PBXProject "Facts" */ = {
			isa = XCConfigurationList;
			buildConfigurations = (
				BA4A4F8A20D9B160002AEE57 /* Debug */,
				BA4A4F8B20D9B160002AEE57 /* Release */,
			);
			defaultConfigurationIsVisible = 0;
			defaultConfigurationName = Release;
		};
		BA4A4F8C20D9B160002AEE57 /* Build configuration list for PBXNativeTarget "Facts" */ = {
			isa = XCConfigurationList;
			buildConfigurations = (
				BA4A4F8D20D9B160002AEE57 /* Debug */,
				BA4A4F8E20D9B160002AEE57 /* Release */,
			);
			defaultConfigurationIsVisible = 0;
			defaultConfigurationName = Release;
		};
		BA4A4F8F20D9B160002AEE57 /* Build configuration list for PBXNativeTarget "FactsTests" */ = {
			isa = XCConfigurationList;
			buildConfigurations = (
				BA4A4F9020D9B160002AEE57 /* Debug */,
				BA4A4F9120D9B160002AEE57 /* Release */,
			);
			defaultConfigurationIsVisible = 0;
			defaultConfigurationName = Release;
		};
		BA4A4F9220D9B160002AEE57 /* Build configuration list for PBXNativeTarget "FactsUITests" */ = {
			isa = XCConfigurationList;
			buildConfigurations = (
				BA4A4F9320D9B160002AEE57 /* Debug */,
				BA4A4F9420D9B160002AEE57 /* Release */,
			);
			defaultConfigurationIsVisible = 0;
			defaultConfigurationName = Release;
		};
/* End XCConfigurationList section */
	};
	rootObject = BA4A4F5C20D9B15C002AEE57 /* Project object */;
}
